Microsoft Visual Studio Solution File, Format Version 12.00
# Visual Studio 2012
Project("{FAE04EC0-301F-11D3-BF4B-00C04F79EFBC}") = "Classic Survival Horror", "Classic Survival Horror.csproj", "{79D72764-4D78-4155-AB5B-30ABB96987BB}"
EndProject
Global
	GlobalSection(SolutionConfigurationPlatforms) = preSolution
	Debug|Any CPU = Debug|Any CPU
	ExportDebug|Any CPU = ExportDebug|Any CPU
	ExportRelease|Any CPU = ExportRelease|Any CPU
	EndGlobalSection
	GlobalSection(ProjectConfigurationPlatforms) = postSolution
		{79D72764-4D78-4155-AB5B-30ABB96987BB}.Debug|Any CPU.ActiveCfg = Debug|Any CPU
		{79D72764-4D78-4155-AB5B-30ABB96987BB}.Debug|Any CPU.Build.0 = Debug|Any CPU
		{79D72764-4D78-4155-AB5B-30ABB96987BB}.ExportDebug|Any CPU.ActiveCfg = ExportDebug|Any CPU
		{79D72764-4D78-4155-AB5B-30ABB96987BB}.ExportDebug|Any CPU.Build.0 = ExportDebug|Any CPU
		{79D72764-4D78-4155-AB5B-30ABB96987BB}.ExportRelease|Any CPU.ActiveCfg = ExportRelease|Any CPU
		{79D72764-4D78-4155-AB5B-30ABB96987BB}.ExportRelease|Any CPU.Build.0 = ExportRelease|Any CPU
	EndGlobalSection
EndGlobal
